<?xml version="1.0" encoding="utf-8"?>
<Project ToolsVersion="4.0" xmlns="http://schemas.microsoft.com/developer/msbuild/2003">
  <ItemGroup>
    <Filter Include="Source Files">
      <UniqueIdentifier>{8c2a3464-4c04-45f5-b5ed-a5a9042f47b9}</UniqueIdentifier>
      <Extensions>cpp;c;cxx;rc;def;r;odl;idl;hpj;bat</Extensions>
    </Filter>
    <Filter Include="Header Files">
      <UniqueIdentifier>{a21ad63b-e862-4fbc-aebc-00122f6646ea}</UniqueIdentifier>
      <Extensions>h;hpp;hxx;hm;inl</Extensions>
    </Filter>
  </ItemGroup>
  <ItemGroup>
    <ClCompile Include="cpp_impl\BaseSRF.cpp">
      <Filter>Source Files</Filter>
    </ClCompile>
    <ClCompile Include="cpp_impl\BaseSRF_2D.cpp">
      <Filter>Source Files</Filter>
    </ClCompile>
    <ClCompile Include="cpp_impl\BaseSRF_3D.cpp">
      <Filter>Source Files</Filter>
    </ClCompile>
    <ClCompile Include="cpp_impl\BaseSRF_MapProjection.cpp">
      <Filter>Source Files</Filter>
    </ClCompile>
    <ClCompile Include="cpp_impl\BaseSRF_WithEllipsoidalHeight.cpp">
      <Filter>Source Files</Filter>
    </ClCompile>
    <ClCompile Include="cpp_impl\BaseSRF_WithTangentPlaneSurface.cpp">
      <Filter>Source Files</Filter>
    </ClCompile>
    <ClCompile Include="cpp_impl\Celestiocentric.cpp">
      <Filter>Source Files</Filter>
    </ClCompile>
    <ClCompile Include="cpp_impl\Celestiodetic.cpp">
      <Filter>Source Files</Filter>
    </ClCompile>
    <ClCompile Include="cpp_impl\Celestiomagnetic.cpp">
      <Filter>Source Files</Filter>
    </ClCompile>
    <ClCompile Include="c_impl\cimpl_BaseMapProjection.cpp">
      <Filter>Source Files</Filter>
    </ClCompile>
    <ClCompile Include="c_impl\cimpl_BaseSRF.cpp">
      <Filter>Source Files</Filter>
    </ClCompile>
    <ClCompile Include="c_impl\cimpl_BaseSRF2D.cpp">
      <Filter>Source Files</Filter>
    </ClCompile>
    <ClCompile Include="c_impl\cimpl_BaseSRF3D.cpp">
      <Filter>Source Files</Filter>
    </ClCompile>
    <ClCompile Include="c_impl\cimpl_BaseSRFwithEllipsoidalHeight.cpp">
      <Filter>Source Files</Filter>
    </ClCompile>
    <ClCompile Include="c_impl\cimpl_BaseSRFwithTangentPlaneSurface.cpp">
      <Filter>Source Files</Filter>
    </ClCompile>
    <ClCompile Include="c_impl\cimpl_Celestiocentric.cpp">
      <Filter>Source Files</Filter>
    </ClCompile>
    <ClCompile Include="c_impl\cimpl_Celestiodetic.cpp">
      <Filter>Source Files</Filter>
    </ClCompile>
    <ClCompile Include="c_impl\cimpl_Celestiomagnetic.cpp">
      <Filter>Source Files</Filter>
    </ClCompile>
    <ClCompile Include="c_impl\cimpl_Coordinate3D.cpp">
      <Filter>Source Files</Filter>
    </ClCompile>
    <ClCompile Include="c_impl\cimpl_CreateSRFSetMember.cpp">
      <Filter>Source Files</Filter>
    </ClCompile>
    <ClCompile Include="c_impl\cimpl_CreateStandardSRF.cpp">
      <Filter>Source Files</Filter>
    </ClCompile>
    <ClCompile Include="c_impl\cimpl_DestroySRF.cpp">
      <Filter>Source Files</Filter>
    </ClCompile>
    <ClCompile Include="c_impl\cimpl_EquatorialInertial.cpp">
      <Filter>Source Files</Filter>
    </ClCompile>
    <ClCompile Include="c_impl\cimpl_EquidistantCylindrical.cpp">
      <Filter>Source Files</Filter>
    </ClCompile>
    <ClCompile Include="c_impl\cimpl_HeliosphericAriesEcliptic.cpp">
      <Filter>Source Files</Filter>
    </ClCompile>
    <ClCompile Include="c_impl\cimpl_HeliosphericEarthEcliptic.cpp">
      <Filter>Source Files</Filter>
    </ClCompile>
    <ClCompile Include="c_impl\cimpl_HeliosphericEarthEquatorial.cpp">
      <Filter>Source Files</Filter>
    </ClCompile>
    <ClCompile Include="c_impl\cimpl_LambertConformalConic.cpp">
      <Filter>Source Files</Filter>
    </ClCompile>
    <ClCompile Include="c_impl\cimpl_LocalSpaceAzimuthal.cpp">
      <Filter>Source Files</Filter>
    </ClCompile>
    <ClCompile Include="c_impl\cimpl_LocalSpacePolar.cpp">
      <Filter>Source Files</Filter>
    </ClCompile>
    <ClCompile Include="c_impl\cimpl_LocalSpaceRectangular2D.cpp">
      <Filter>Source Files</Filter>
    </ClCompile>
    <ClCompile Include="c_impl\cimpl_LocalSpaceRectangular3D.cpp">
      <Filter>Source Files</Filter>
    </ClCompile>
    <ClCompile Include="c_impl\cimpl_LocalTangentSpaceAzimuthalSpherical.cpp">
      <Filter>Source Files</Filter>
    </ClCompile>
    <ClCompile Include="c_impl\cimpl_LocalTangentSpaceCylindrical.cpp">
      <Filter>Source Files</Filter>
    </ClCompile>
    <ClCompile Include="c_impl\cimpl_LocalTangentSpaceEuclidean.cpp">
      <Filter>Source Files</Filter>
    </ClCompile>
    <ClCompile Include="c_impl\cimpl_LococentricEuclidean3D.cpp">
      <Filter>Source Files</Filter>
    </ClCompile>
    <ClCompile Include="c_impl\cimpl_Mercator.cpp">
      <Filter>Source Files</Filter>
    </ClCompile>
    <ClCompile Include="c_impl\cimpl_ObliqueMercatorSpherical.cpp">
      <Filter>Source Files</Filter>
    </ClCompile>
    <ClCompile Include="c_impl\cimpl_Planetodetic.cpp">
      <Filter>Source Files</Filter>
    </ClCompile>
    <ClCompile Include="c_impl\cimpl_PolarStereographic.cpp">
      <Filter>Source Files</Filter>
    </ClCompile>
    <ClCompile Include="c_impl\cimpl_QueryORMSupport.cpp">
      <Filter>Source Files</Filter>
    </ClCompile>
    <ClCompile Include="c_impl\cimpl_QuerySRFTSupport.cpp">
      <Filter>Source Files</Filter>
    </ClCompile>
    <ClCompile Include="c_impl\cimpl_SolarEcliptic.cpp">
      <Filter>Source Files</Filter>
    </ClCompile>
    <ClCompile Include="c_impl\cimpl_SolarEquatorial.cpp">
      <Filter>Source Files</Filter>
    </ClCompile>
    <ClCompile Include="c_impl\cimpl_SolarMagneticDipole.cpp">
      <Filter>Source Files</Filter>
    </ClCompile>
    <ClCompile Include="c_impl\cimpl_SolarMagneticEcliptic.cpp">
      <Filter>Source Files</Filter>
    </ClCompile>
    <ClCompile Include="c_impl\cimpl_TransverseMercator.cpp">
      <Filter>Source Files</Filter>
    </ClCompile>
    <ClCompile Include="cpp_impl\Coord.cpp">
      <Filter>Source Files</Filter>
    </ClCompile>
    <ClCompile Include="cpp_impl\Direction.cpp">
      <Filter>Source Files</Filter>
    </ClCompile>
    <ClCompile Include="cpp_impl\support\edges.cpp">
      <Filter>Source Files</Filter>
    </ClCompile>
    <ClCompile Include="cpp_impl\EquatorialInertial.cpp">
      <Filter>Source Files</Filter>
    </ClCompile>
    <ClCompile Include="cpp_impl\EquidistantCylindrical.cpp">
      <Filter>Source Files</Filter>
    </ClCompile>
    <ClCompile Include="cpp_impl\HeliosphericAriesEcliptic.cpp">
      <Filter>Source Files</Filter>
    </ClCompile>
    <ClCompile Include="cpp_impl\HeliosphericEarthEcliptic.cpp">
      <Filter>Source Files</Filter>
    </ClCompile>
    <ClCompile Include="cpp_impl\HeliosphericEarthEquatorial.cpp">
      <Filter>Source Files</Filter>
    </ClCompile>
    <ClCompile Include="cpp_impl\internal_api\impl_alloc.cpp">
      <Filter>Source Files</Filter>
    </ClCompile>
    <ClCompile Include="cpp_impl\internal_api\impl_calc.cpp">
      <Filter>Source Files</Filter>
    </ClCompile>
    <ClCompile Include="cpp_impl\internal_api\impl_change.cpp">
      <Filter>Source Files</Filter>
    </ClCompile>
    <ClCompile Include="cpp_impl\internal_api\impl_check.cpp">
      <Filter>Source Files</Filter>
    </ClCompile>
    <ClCompile Include="cpp_impl\impl_cpp_misc.cpp">
      <Filter>Source Files</Filter>
    </ClCompile>
    <ClCompile Include="cpp_impl\internal_api\impl_generated.cpp">
      <Filter>Source Files</Filter>
    </ClCompile>
    <ClCompile Include="cpp_impl\internal_api\impl_mgrs.cpp">
      <Filter>Source Files</Filter>
    </ClCompile>
    <ClCompile Include="cpp_impl\internal_api\impl_misc.cpp">
      <Filter>Source Files</Filter>
    </ClCompile>
    <ClCompile Include="cpp_impl\internal_api\impl_private.cpp">
      <Filter>Source Files</Filter>
    </ClCompile>
    <ClCompile Include="cpp_impl\internal_api\impl_vos.cpp">
      <Filter>Source Files</Filter>
    </ClCompile>
    <ClCompile Include="cpp_impl\LambertConformalConic.cpp">
      <Filter>Source Files</Filter>
    </ClCompile>
    <ClCompile Include="cpp_impl\LocalSpaceAzimuthal.cpp">
      <Filter>Source Files</Filter>
    </ClCompile>
    <ClCompile Include="cpp_impl\LocalSpacePolar.cpp">
      <Filter>Source Files</Filter>
    </ClCompile>
    <ClCompile Include="cpp_impl\LocalSpaceRectangular2D.cpp">
      <Filter>Source Files</Filter>
    </ClCompile>
    <ClCompile Include="cpp_impl\LocalSpaceRectangular3D.cpp">
      <Filter>Source Files</Filter>
    </ClCompile>
    <ClCompile Include="cpp_impl\LocalTangentSpaceAzimuthalSpherical.cpp">
      <Filter>Source Files</Filter>
    </ClCompile>
    <ClCompile Include="cpp_impl\LocalTangentSpaceCylindrical.cpp">
      <Filter>Source Files</Filter>
    </ClCompile>
    <ClCompile Include="cpp_impl\LocalTangentSpaceEuclidean.cpp">
      <Filter>Source Files</Filter>
    </ClCompile>
    <ClCompile Include="cpp_impl\LococentricEuclidean3D.cpp">
      <Filter>Source Files</Filter>
    </ClCompile>
    <ClCompile Include="cpp_impl\Mercator.cpp">
      <Filter>Source Files</Filter>
    </ClCompile>
    <ClCompile Include="cpp_impl\internal_api\mgrs.cpp">
      <Filter>Source Files</Filter>
    </ClCompile>
    <ClCompile Include="cpp_impl\ObliqueMercatorSpherical.cpp">
      <Filter>Source Files</Filter>
    </ClCompile>
    <ClCompile Include="cpp_impl\Orientation.cpp">
      <Filter>Source Files</Filter>
    </ClCompile>
    <ClCompile Include="cpp_impl\srf_impl\orm_rd.cpp">
      <Filter>Source Files</Filter>
    </ClCompile>
    <ClCompile Include="cpp_impl\Planetodetic.cpp">
      <Filter>Source Files</Filter>
    </ClCompile>
    <ClCompile Include="cpp_impl\internal_api\polarst.cpp">
      <Filter>Source Files</Filter>
    </ClCompile>
    <ClCompile Include="cpp_impl\PolarStereographic.cpp">
      <Filter>Source Files</Filter>
    </ClCompile>
    <ClCompile Include="cpp_impl\SolarEcliptic.cpp">
      <Filter>Source Files</Filter>
    </ClCompile>
    <ClCompile Include="cpp_impl\SolarEquatorial.cpp">
      <Filter>Source Files</Filter>
    </ClCompile>
    <ClCompile Include="cpp_impl\SolarMagneticDipole.cpp">
      <Filter>Source Files</Filter>
    </ClCompile>
    <ClCompile Include="cpp_impl\SolarMagneticEcliptic.cpp">
      <Filter>Source Files</Filter>
    </ClCompile>
    <ClCompile Include="cpp_impl\support\srm_boundaries.cpp">
      <Filter>Source Files</Filter>
    </ClCompile>
    <ClCompile Include="cpp_impl\support\srm_check.cpp">
      <Filter>Source Files</Filter>
    </ClCompile>
    <ClCompile Include="cpp_impl\support\srm_com.cpp">
      <Filter>Source Files</Filter>
    </ClCompile>
    <ClCompile Include="cpp_impl\support\srm_conversions.cpp">
      <Filter>Source Files</Filter>
    </ClCompile>
    <ClCompile Include="cpp_impl\support\srm_coord_offsets.cpp">
      <Filter>Source Files</Filter>
    </ClCompile>
    <ClCompile Include="cpp_impl\srf_impl\srm_cylindrical.cpp">
      <Filter>Source Files</Filter>
    </ClCompile>
    <ClCompile Include="c_impl\srm_default.c">
      <Filter>Source Files</Filter>
    </ClCompile>
    <ClCompile Include="cpp_impl\srf_impl\srm_dshift.cpp">
      <Filter>Source Files</Filter>
    </ClCompile>
    <ClCompile Include="cpp_impl\srf_impl\srm_ec.cpp">
      <Filter>Source Files</Filter>
    </ClCompile>
    <ClCompile Include="cpp_impl\srf_impl\srm_gc.cpp">
      <Filter>Source Files</Filter>
    </ClCompile>
    <ClCompile Include="cpp_impl\srf_impl\srm_gtrs_index.cpp">
      <Filter>Source Files</Filter>
    </ClCompile>
    <ClCompile Include="cpp_impl\support\srm_internal.cpp">
      <Filter>Source Files</Filter>
    </ClCompile>
    <ClCompile Include="cpp_impl\srf_impl\srm_lcc.cpp">
      <Filter>Source Files</Filter>
    </ClCompile>
    <ClCompile Include="cpp_impl\srf_impl\srm_lce.cpp">
      <Filter>Source Files</Filter>
    </ClCompile>
    <ClCompile Include="cpp_impl\srf_impl\srm_lsr.cpp">
      <Filter>Source Files</Filter>
    </ClCompile>
    <ClCompile Include="cpp_impl\srf_impl\srm_ltp.cpp">
      <Filter>Source Files</Filter>
    </ClCompile>
    <ClCompile Include="cpp_impl\srf_impl\srm_m.cpp">
      <Filter>Source Files</Filter>
    </ClCompile>
    <ClCompile Include="cpp_impl\srf_impl\srm_om.cpp">
      <Filter>Source Files</Filter>
    </ClCompile>
    <ClCompile Include="cpp_impl\srf_impl\srm_pd.cpp">
      <Filter>Source Files</Filter>
    </ClCompile>
    <ClCompile Include="cpp_impl\support\srm_pointscale.cpp">
      <Filter>Source Files</Filter>
    </ClCompile>
    <ClCompile Include="cpp_impl\support\srm_predefined_srf.cpp">
      <Filter>Source Files</Filter>
    </ClCompile>
    <ClCompile Include="c_impl\srm_print.c">
      <Filter>Source Files</Filter>
    </ClCompile>
    <ClCompile Include="cpp_impl\srf_impl\srm_ps.cpp">
      <Filter>Source Files</Filter>
    </ClCompile>
    <ClCompile Include="cpp_impl\support\srm_sincos.cpp">
      <Filter>Source Files</Filter>
    </ClCompile>
    <ClCompile Include="cpp_impl\srf_impl\srm_spherical.cpp">
      <Filter>Source Files</Filter>
    </ClCompile>
    <ClCompile Include="cpp_impl\support\srm_srf_sets.cpp">
      <Filter>Source Files</Filter>
    </ClCompile>
    <ClCompile Include="cpp_impl\support\srm_srf_specific_data.cpp">
      <Filter>Source Files</Filter>
    </ClCompile>
    <ClCompile Include="cpp_impl\support\srm_srfp.cpp">
      <Filter>Source Files</Filter>
    </ClCompile>
    <ClCompile Include="cpp_impl\srm_stds.cpp">
      <Filter>Source Files</Filter>
    </ClCompile>
    <ClCompile Include="c_impl\srm_struct_util.cpp">
      <Filter>Source Files</Filter>
    </ClCompile>
    <ClCompile Include="cpp_impl\srf_impl\srm_tm.cpp">
      <Filter>Source Files</Filter>
    </ClCompile>
    <ClCompile Include="c_impl\srm_util.c">
      <Filter>Source Files</Filter>
    </ClCompile>
    <ClCompile Include="c_impl\srm_valid.c">
      <Filter>Source Files</Filter>
    </ClCompile>
    <ClCompile Include="cpp_impl\support\srm_validcoord.cpp">
      <Filter>Source Files</Filter>
    </ClCompile>
    <ClCompile Include="cpp_impl\support\srm_wgs84_geoid_separation.cpp">
      <Filter>Source Files</Filter>
    </ClCompile>
    <ClCompile Include="cpp_impl\internal_api\tranmerc.cpp">
      <Filter>Source Files</Filter>
    </ClCompile>
    <ClCompile Include="cpp_impl\TransverseMercator.cpp">
      <Filter>Source Files</Filter>
    </ClCompile>
    <ClCompile Include="cpp_impl\internal_api\ups.cpp">
      <Filter>Source Files</Filter>
    </ClCompile>
    <ClCompile Include="cpp_impl\internal_api\utm.cpp">
      <Filter>Source Files</Filter>
    </ClCompile>
  </ItemGroup>
  <ItemGroup>
    <ClInclude Include="..\include\Azimuthal.h">
      <Filter>Header Files</Filter>
    </ClInclude>
    <ClInclude Include="..\include\BaseSRF.h">
      <Filter>Header Files</Filter>
    </ClInclude>
    <ClInclude Include="..\include\Celestiocentric.h">
      <Filter>Header Files</Filter>
    </ClInclude>
    <ClInclude Include="..\include\Celestiodetic.h">
      <Filter>Header Files</Filter>
    </ClInclude>
    <ClInclude Include="..\include\Celestiomagnetic.h">
      <Filter>Header Files</Filter>
    </ClInclude>
    <ClInclude Include="..\include\Coord.h">
      <Filter>Header Files</Filter>
    </ClInclude>
    <ClInclude Include="..\include\Direction.h">
      <Filter>Header Files</Filter>
    </ClInclude>
    <ClInclude Include="cpp_impl\support\edges.h">
      <Filter>Header Files</Filter>
    </ClInclude>
    <ClInclude Include="..\include\EquatorialInertial.h">
      <Filter>Header Files</Filter>
    </ClInclude>
    <ClInclude Include="..\include\EquidistantCylindrical.h">
      <Filter>Header Files</Filter>
    </ClInclude>
    <ClInclude Include="..\include\Exception.h">
      <Filter>Header Files</Filter>
    </ClInclude>
    <ClInclude Include="..\include\HeliosphericAriesEcliptic.h">
      <Filter>Header Files</Filter>
    </ClInclude>
    <ClInclude Include="..\include\HeliosphericEarthEcliptic.h">
      <Filter>Header Files</Filter>
    </ClInclude>
    <ClInclude Include="..\include\HeliosphericEarthEquatorial.h">
      <Filter>Header Files</Filter>
    </ClInclude>
    <ClInclude Include="cpp_impl\internal_api\impl_alloc.h">
      <Filter>Header Files</Filter>
    </ClInclude>
    <ClInclude Include="cpp_impl\internal_api\impl_calc.h">
      <Filter>Header Files</Filter>
    </ClInclude>
    <ClInclude Include="cpp_impl\internal_api\impl_change.h">
      <Filter>Header Files</Filter>
    </ClInclude>
    <ClInclude Include="cpp_impl\internal_api\impl_check.h">
      <Filter>Header Files</Filter>
    </ClInclude>
    <ClInclude Include="cpp_impl\impl_cpp_misc.h">
      <Filter>Header Files</Filter>
    </ClInclude>
    <ClInclude Include="cpp_impl\internal_api\impl_generated.h">
      <Filter>Header Files</Filter>
    </ClInclude>
    <ClInclude Include="cpp_impl\srf_impl\impl_lsr.h">
      <Filter>Header Files</Filter>
    </ClInclude>
    <ClInclude Include="cpp_impl\internal_api\impl_mgrs.h">
      <Filter>Header Files</Filter>
    </ClInclude>
    <ClInclude Include="cpp_impl\internal_api\impl_misc.h">
      <Filter>Header Files</Filter>
    </ClInclude>
    <ClInclude Include="cpp_impl\internal_api\impl_private.h">
      <Filter>Header Files</Filter>
    </ClInclude>
    <ClInclude Include="cpp_impl\internal_api\impl_public.h">
      <Filter>Header Files</Filter>
    </ClInclude>
    <ClInclude Include="cpp_impl\internal_api\impl_srf_params.h">
      <Filter>Header Files</Filter>
    </ClInclude>
    <ClInclude Include="cpp_impl\internal_api\impl_status.h">
      <Filter>Header Files</Filter>
    </ClInclude>
    <ClInclude Include="cpp_impl\internal_api\impl_vos.h">
      <Filter>Header Files</Filter>
    </ClInclude>
    <ClInclude Include="..\include\LambertConformalConic.h">
      <Filter>Header Files</Filter>
    </ClInclude>
    <ClInclude Include="..\include\LocalSpaceRectangular2D.h">
      <Filter>Header Files</Filter>
    </ClInclude>
    <ClInclude Include="..\include\LocalSpaceRectangular3D.h">
      <Filter>Header Files</Filter>
    </ClInclude>
    <ClInclude Include="..\include\LocalTangentSpaceAzimuthalSpherical.h">
      <Filter>Header Files</Filter>
    </ClInclude>
    <ClInclude Include="..\include\LocalTangentSpaceCylindrical.h">
      <Filter>Header Files</Filter>
    </ClInclude>
    <ClInclude Include="..\include\LocalTangentSpaceEuclidean.h">
      <Filter>Header Files</Filter>
    </ClInclude>
    <ClInclude Include="..\include\LococentricEuclidean3D.h">
      <Filter>Header Files</Filter>
    </ClInclude>
    <ClInclude Include="..\include\Mercator.h">
      <Filter>Header Files</Filter>
    </ClInclude>
    <ClInclude Include="cpp_impl\internal_api\mgrs.h">
      <Filter>Header Files</Filter>
    </ClInclude>
    <ClInclude Include="cpp_impl\support\object_core.h">
      <Filter>Header Files</Filter>
    </ClInclude>
    <ClInclude Include="..\include\ObliqueMercator.h">
      <Filter>Header Files</Filter>
    </ClInclude>
    <ClInclude Include="..\include\Orientation.h">
      <Filter>Header Files</Filter>
    </ClInclude>
    <ClInclude Include="cpp_impl\srf_impl\orm_rd_struct.h">
      <Filter>Header Files</Filter>
    </ClInclude>
    <ClInclude Include="..\include\Planetodetic.h">
      <Filter>Header Files</Filter>
    </ClInclude>
    <ClInclude Include="..\include\Polar.h">
      <Filter>Header Files</Filter>
    </ClInclude>
    <ClInclude Include="cpp_impl\internal_api\polarst.h">
      <Filter>Header Files</Filter>
    </ClInclude>
    <ClInclude Include="..\include\PolarStereographic.h">
      <Filter>Header Files</Filter>
    </ClInclude>
    <ClInclude Include="..\include\SolarEcliptic.h">
      <Filter>Header Files</Filter>
    </ClInclude>
    <ClInclude Include="..\include\SolarEquatorial.h">
      <Filter>Header Files</Filter>
    </ClInclude>
    <ClInclude Include="..\include\SolarMagnetic.h">
      <Filter>Header Files</Filter>
    </ClInclude>
    <ClInclude Include="..\include\SolarMagneticEcliptic.h">
      <Filter>Header Files</Filter>
    </ClInclude>
    <ClInclude Include="..\include\srf_all.h">
      <Filter>Header Files</Filter>
    </ClInclude>
    <ClInclude Include="..\include\srm.h">
      <Filter>Header Files</Filter>
    </ClInclude>
    <ClInclude Include="cpp_impl\support\srm_boundaries.h">
      <Filter>Header Files</Filter>
    </ClInclude>
    <ClInclude Include="cpp_impl\support\srm_check.h">
      <Filter>Header Files</Filter>
    </ClInclude>
    <ClInclude Include="cpp_impl\support\srm_com.h">
      <Filter>Header Files</Filter>
    </ClInclude>
    <ClInclude Include="cpp_impl\support\srm_conversions.h">
      <Filter>Header Files</Filter>
    </ClInclude>
    <ClInclude Include="cpp_impl\support\srm_coord_offsets.h">
      <Filter>Header Files</Filter>
    </ClInclude>
    <ClInclude Include="cpp_impl\support\srm_ctypes.h">
      <Filter>Header Files</Filter>
    </ClInclude>
    <ClInclude Include="..\include\srm_default.h">
      <Filter>Header Files</Filter>
    </ClInclude>
    <ClInclude Include="cpp_impl\support\srm_internal.h">
      <Filter>Header Files</Filter>
    </ClInclude>
    <ClInclude Include="cpp_impl\support\srm_pointscale.h">
      <Filter>Header Files</Filter>
    </ClInclude>
    <ClInclude Include="cpp_impl\support\srm_predefined_srf.h">
      <Filter>Header Files</Filter>
    </ClInclude>
    <ClInclude Include="..\include\srm_print.h">
      <Filter>Header Files</Filter>
    </ClInclude>
    <ClInclude Include="cpp_impl\support\srm_sincos.h">
      <Filter>Header Files</Filter>
    </ClInclude>
    <ClInclude Include="cpp_impl\support\srm_srf_sets.h">
      <Filter>Header Files</Filter>
    </ClInclude>
    <ClInclude Include="cpp_impl\support\srm_srf_specific_data.h">
      <Filter>Header Files</Filter>
    </ClInclude>
    <ClInclude Include="cpp_impl\support\srm_srfp.h">
      <Filter>Header Files</Filter>
    </ClInclude>
    <ClInclude Include="..\include\srm_stds.h">
      <Filter>Header Files</Filter>
    </ClInclude>
    <ClInclude Include="..\include\srm_struct_util.h">
      <Filter>Header Files</Filter>
    </ClInclude>
    <ClInclude Include="..\include\srm_types.h">
      <Filter>Header Files</Filter>
    </ClInclude>
    <ClInclude Include="..\include\srm_util.h">
      <Filter>Header Files</Filter>
    </ClInclude>
    <ClInclude Include="..\include\srm_valid.h">
      <Filter>Header Files</Filter>
    </ClInclude>
    <ClInclude Include="cpp_impl\support\srm_validcoord.h">
      <Filter>Header Files</Filter>
    </ClInclude>
    <ClInclude Include="cpp_impl\internal_api\tranmerc.h">
      <Filter>Header Files</Filter>
    </ClInclude>
    <ClInclude Include="..\include\TransverseMercator.h">
      <Filter>Header Files</Filter>
    </ClInclude>
    <ClInclude Include="cpp_impl\internal_api\ups.h">
      <Filter>Header Files</Filter>
    </ClInclude>
    <ClInclude Include="cpp_impl\internal_api\utm.h">
      <Filter>Header Files</Filter>
    </ClInclude>
  </ItemGroup>
</Project>