<?xml version="1.0" encoding="utf-8"?>
<Project ToolsVersion="4.0" xmlns="http://schemas.microsoft.com/developer/msbuild/2003">
  <ItemGroup>
    <Filter Include="Source Files">
      <UniqueIdentifier>{d35b2d08-13af-41b1-8190-48545906b6c5}</UniqueIdentifier>
      <Extensions>cpp;c;cxx;rc;def;r;odl;idl;hpj;bat</Extensions>
    </Filter>
    <Filter Include="Header Files">
      <UniqueIdentifier>{2f1856b6-2512-4279-a42c-a68a17a74ac5}</UniqueIdentifier>
      <Extensions>h;hpp;hxx;hm;inl</Extensions>
    </Filter>
    <Filter Include="Resource Files">
      <UniqueIdentifier>{03fe0f35-4c24-4e8d-8631-9b53fbbf1acf}</UniqueIdentifier>
      <Extensions>ico;cur;bmp;dlg;rc2;rct;bin;rgs;gif;jpg;jpeg;jpe</Extensions>
    </Filter>
  </ItemGroup>
  <ItemGroup>
    <ClCompile Include="edcs.c">
      <Filter>Source Files</Filter>
    </ClCompile>
    <ClCompile Include="edcs_attr_dict.c">
      <Filter>Source Files</Filter>
    </ClCompile>
    <ClCompile Include="edcs_class_dict.c">
      <Filter>Source Files</Filter>
    </ClCompile>
    <ClCompile Include="edcs_conversions.c">
      <Filter>Source Files</Filter>
    </ClCompile>
    <ClCompile Include="edcs_default.c">
      <Filter>Source Files</Filter>
    </ClCompile>
    <ClCompile Include="edcs_enum_dict.c">
      <Filter>Source Files</Filter>
    </ClCompile>
    <ClCompile Include="edcs_enum_labels.c">
      <Filter>Source Files</Filter>
    </ClCompile>
    <ClCompile Include="edcs_internal.c">
      <Filter>Source Files</Filter>
    </ClCompile>
    <ClCompile Include="edcs_org_schema_dict.c">
      <Filter>Source Files</Filter>
    </ClCompile>
    <ClCompile Include="edcs_print.c">
      <Filter>Source Files</Filter>
    </ClCompile>
    <ClCompile Include="edcs_print_gen.c">
      <Filter>Source Files</Filter>
    </ClCompile>
    <ClCompile Include="edcs_scale_dict.c">
      <Filter>Source Files</Filter>
    </ClCompile>
    <ClCompile Include="edcs_unit_dict.c">
      <Filter>Source Files</Filter>
    </ClCompile>
    <ClCompile Include="edcs_unit_equivalence_dict.c">
      <Filter>Source Files</Filter>
    </ClCompile>
    <ClCompile Include="edcs_util.c">
      <Filter>Source Files</Filter>
    </ClCompile>
    <ClCompile Include="edcs_util_gen.c">
      <Filter>Source Files</Filter>
    </ClCompile>
    <ClCompile Include="edcs_valid.c">
      <Filter>Source Files</Filter>
    </ClCompile>
    <ClCompile Include="edcs_valid_gen.c">
      <Filter>Source Files</Filter>
    </ClCompile>
    <ClCompile Include="edcs_value_characteristic_dict.c">
      <Filter>Source Files</Filter>
    </ClCompile>
  </ItemGroup>
  <ItemGroup>
    <ClInclude Include="..\include\edcs.h">
      <Filter>Header Files</Filter>
    </ClInclude>
    <ClInclude Include="..\include\edcs_attr_dict.h">
      <Filter>Header Files</Filter>
    </ClInclude>
    <ClInclude Include="..\include\edcs_class_dict.h">
      <Filter>Header Files</Filter>
    </ClInclude>
    <ClInclude Include="..\include\edcs_conversions.h">
      <Filter>Header Files</Filter>
    </ClInclude>
    <ClInclude Include="..\include\edcs_default.h">
      <Filter>Header Files</Filter>
    </ClInclude>
    <ClInclude Include="..\include\edcs_enum_dict.h">
      <Filter>Header Files</Filter>
    </ClInclude>
    <ClInclude Include="..\include\edcs_group_dict.h">
      <Filter>Header Files</Filter>
    </ClInclude>
    <ClInclude Include="..\include\edcs_internal.h">
      <Filter>Header Files</Filter>
    </ClInclude>
    <ClInclude Include="..\include\edcs_org_schema_dict.h">
      <Filter>Header Files</Filter>
    </ClInclude>
    <ClInclude Include="..\include\edcs_print.h">
      <Filter>Header Files</Filter>
    </ClInclude>
    <ClInclude Include="..\include\edcs_scale_dict.h">
      <Filter>Header Files</Filter>
    </ClInclude>
    <ClInclude Include="..\include\edcs_types.h">
      <Filter>Header Files</Filter>
    </ClInclude>
    <ClInclude Include="..\include\edcs_unit_dict.h">
      <Filter>Header Files</Filter>
    </ClInclude>
    <ClInclude Include="..\include\edcs_unit_equivalence_dict.h">
      <Filter>Header Files</Filter>
    </ClInclude>
    <ClInclude Include="..\include\edcs_util.h">
      <Filter>Header Files</Filter>
    </ClInclude>
    <ClInclude Include="..\include\edcs_valid.h">
      <Filter>Header Files</Filter>
    </ClInclude>
    <ClInclude Include="..\include\edcs_value_characteristic_dict.h">
      <Filter>Header Files</Filter>
    </ClInclude>
  </ItemGroup>
</Project>