Microsoft Visual Studio Solution File, Format Version 12.00
# Visual Studio 2013
VisualStudioVersion = 12.0.31101.0
MinimumVisualStudioVersion = 10.0.40219.1
Project("{8BC9CEB8-8B4A-11D0-8D11-00A0C91BC942}") = "all_sdk", "src\all_sdk.vcxproj", "{4C80E0AD-1B3B-4905-A768-9E8E60AD9834}"
EndProject
Project("{8BC9CEB8-8B4A-11D0-8D11-00A0C91BC942}") = "lib_map_dynamic", "src\lib\lib_map_dynamic.vcxproj", "{FF042ACB-DE5D-4C1C-B3BE-437735D192E9}"
EndProject
Project("{8BC9CEB8-8B4A-11D0-8D11-00A0C91BC942}") = "map_EDCS_attribute", "src\apps\map_EDCS_attribute\map_EDCS_attribute_dynamic.vcxproj", "{D43BC9D7-DAA9-4060-B7A7-E3DB014F7287}"
EndProject
Project("{8BC9CEB8-8B4A-11D0-8D11-00A0C91BC942}") = "map_EDCS_attribute_value", "src\apps\map_EDCS_attribute_value\map_EDCS_attribute_value_dynamic.vcxproj", "{C06177FE-277F-4820-815F-28AAA619267E}"
EndProject
Project("{8BC9CEB8-8B4A-11D0-8D11-00A0C91BC942}") = "map_EDCS_class", "src\apps\map_EDCS_class\map_EDCS_class_dynamic.vcxproj", "{434CF14B-1BDA-485E-BF46-8A284800B688}"
EndProject
Project("{8BC9CEB8-8B4A-11D0-8D11-00A0C91BC942}") = "map_EDCS_enumerant", "src\apps\map_EDCS_enumerant\map_EDCS_enumerant_dynamic.vcxproj", "{E8CA668D-C77D-4908-B2DA-1D3E417C2B32}"
EndProject
Global
	GlobalSection(SolutionConfigurationPlatforms) = preSolution
		Debug|Win32 = Debug|Win32
		Debug|x64 = Debug|x64
		Release|Win32 = Release|Win32
		Release|x64 = Release|x64
	EndGlobalSection
	GlobalSection(ProjectConfigurationPlatforms) = postSolution
		{4C80E0AD-1B3B-4905-A768-9E8E60AD9834}.Debug|Win32.ActiveCfg = Debug|Win32
		{4C80E0AD-1B3B-4905-A768-9E8E60AD9834}.Debug|Win32.Build.0 = Debug|Win32
		{4C80E0AD-1B3B-4905-A768-9E8E60AD9834}.Debug|x64.ActiveCfg = Debug|x64
		{4C80E0AD-1B3B-4905-A768-9E8E60AD9834}.Debug|x64.Build.0 = Debug|x64
		{4C80E0AD-1B3B-4905-A768-9E8E60AD9834}.Release|Win32.ActiveCfg = Release|Win32
		{4C80E0AD-1B3B-4905-A768-9E8E60AD9834}.Release|Win32.Build.0 = Release|Win32
		{4C80E0AD-1B3B-4905-A768-9E8E60AD9834}.Release|x64.ActiveCfg = Release|x64
		{4C80E0AD-1B3B-4905-A768-9E8E60AD9834}.Release|x64.Build.0 = Release|x64
		{FF042ACB-DE5D-4C1C-B3BE-437735D192E9}.Debug|Win32.ActiveCfg = Debug|Win32
		{FF042ACB-DE5D-4C1C-B3BE-437735D192E9}.Debug|Win32.Build.0 = Debug|Win32
		{FF042ACB-DE5D-4C1C-B3BE-437735D192E9}.Debug|x64.ActiveCfg = Debug|x64
		{FF042ACB-DE5D-4C1C-B3BE-437735D192E9}.Debug|x64.Build.0 = Debug|x64
		{FF042ACB-DE5D-4C1C-B3BE-437735D192E9}.Release|Win32.ActiveCfg = Release|Win32
		{FF042ACB-DE5D-4C1C-B3BE-437735D192E9}.Release|Win32.Build.0 = Release|Win32
		{FF042ACB-DE5D-4C1C-B3BE-437735D192E9}.Release|x64.ActiveCfg = Release|x64
		{FF042ACB-DE5D-4C1C-B3BE-437735D192E9}.Release|x64.Build.0 = Release|x64
		{D43BC9D7-DAA9-4060-B7A7-E3DB014F7287}.Debug|Win32.ActiveCfg = Debug|Win32
		{D43BC9D7-DAA9-4060-B7A7-E3DB014F7287}.Debug|Win32.Build.0 = Debug|Win32
		{D43BC9D7-DAA9-4060-B7A7-E3DB014F7287}.Debug|x64.ActiveCfg = Debug|x64
		{D43BC9D7-DAA9-4060-B7A7-E3DB014F7287}.Debug|x64.Build.0 = Debug|x64
		{D43BC9D7-DAA9-4060-B7A7-E3DB014F7287}.Release|Win32.ActiveCfg = Release|Win32
		{D43BC9D7-DAA9-4060-B7A7-E3DB014F7287}.Release|Win32.Build.0 = Release|Win32
		{D43BC9D7-DAA9-4060-B7A7-E3DB014F7287}.Release|x64.ActiveCfg = Release|x64
		{D43BC9D7-DAA9-4060-B7A7-E3DB014F7287}.Release|x64.Build.0 = Release|x64
		{C06177FE-277F-4820-815F-28AAA619267E}.Debug|Win32.ActiveCfg = Debug|Win32
		{C06177FE-277F-4820-815F-28AAA619267E}.Debug|Win32.Build.0 = Debug|Win32
		{C06177FE-277F-4820-815F-28AAA619267E}.Debug|x64.ActiveCfg = Debug|x64
		{C06177FE-277F-4820-815F-28AAA619267E}.Debug|x64.Build.0 = Debug|x64
		{C06177FE-277F-4820-815F-28AAA619267E}.Release|Win32.ActiveCfg = Release|Win32
		{C06177FE-277F-4820-815F-28AAA619267E}.Release|Win32.Build.0 = Release|Win32
		{C06177FE-277F-4820-815F-28AAA619267E}.Release|x64.ActiveCfg = Release|x64
		{C06177FE-277F-4820-815F-28AAA619267E}.Release|x64.Build.0 = Release|x64
		{434CF14B-1BDA-485E-BF46-8A284800B688}.Debug|Win32.ActiveCfg = Debug|Win32
		{434CF14B-1BDA-485E-BF46-8A284800B688}.Debug|Win32.Build.0 = Debug|Win32
		{434CF14B-1BDA-485E-BF46-8A284800B688}.Debug|x64.ActiveCfg = Debug|x64
		{434CF14B-1BDA-485E-BF46-8A284800B688}.Debug|x64.Build.0 = Debug|x64
		{434CF14B-1BDA-485E-BF46-8A284800B688}.Release|Win32.ActiveCfg = Release|Win32
		{434CF14B-1BDA-485E-BF46-8A284800B688}.Release|Win32.Build.0 = Release|Win32
		{434CF14B-1BDA-485E-BF46-8A284800B688}.Release|x64.ActiveCfg = Release|x64
		{434CF14B-1BDA-485E-BF46-8A284800B688}.Release|x64.Build.0 = Release|x64
		{E8CA668D-C77D-4908-B2DA-1D3E417C2B32}.Debug|Win32.ActiveCfg = Debug|Win32
		{E8CA668D-C77D-4908-B2DA-1D3E417C2B32}.Debug|Win32.Build.0 = Debug|Win32
		{E8CA668D-C77D-4908-B2DA-1D3E417C2B32}.Debug|x64.ActiveCfg = Debug|x64
		{E8CA668D-C77D-4908-B2DA-1D3E417C2B32}.Debug|x64.Build.0 = Debug|x64
		{E8CA668D-C77D-4908-B2DA-1D3E417C2B32}.Release|Win32.ActiveCfg = Release|Win32
		{E8CA668D-C77D-4908-B2DA-1D3E417C2B32}.Release|Win32.Build.0 = Release|Win32
		{E8CA668D-C77D-4908-B2DA-1D3E417C2B32}.Release|x64.ActiveCfg = Release|x64
		{E8CA668D-C77D-4908-B2DA-1D3E417C2B32}.Release|x64.Build.0 = Release|x64
	EndGlobalSection
	GlobalSection(SolutionProperties) = preSolution
		HideSolutionNode = FALSE
	EndGlobalSection
EndGlobal
