<?xml version="1.0" encoding="utf-8"?>
<Project ToolsVersion="4.0" xmlns="http://schemas.microsoft.com/developer/msbuild/2003">
  <ItemGroup>
    <Filter Include="Source Files">
      <UniqueIdentifier>{0f0e7761-d199-40d9-9f24-b6cc662ef08a}</UniqueIdentifier>
      <Extensions>cpp;c;cxx;rc;def;r;odl;idl;hpj;bat</Extensions>
    </Filter>
    <Filter Include="Header Files">
      <UniqueIdentifier>{d39374d4-a231-4375-8cdc-02144c9c7e05}</UniqueIdentifier>
      <Extensions>h;hpp;hxx;hm;inl</Extensions>
    </Filter>
  </ItemGroup>
  <ItemGroup>
    <ClCompile Include="edcs4px_to_facc2p1.c">
      <Filter>Source Files</Filter>
    </ClCompile>
    <ClCompile Include="edcs4px_to_facc2p1_attribute.c">
      <Filter>Source Files</Filter>
    </ClCompile>
    <ClCompile Include="edcs4px_to_facc2p1_class.c">
      <Filter>Source Files</Filter>
    </ClCompile>
  </ItemGroup>
  <ItemGroup>
    <ClInclude Include="..\include\edcs4px_to_facc2p1.h">
      <Filter>Header Files</Filter>
    </ClInclude>
    <ClInclude Include="..\include\edcs4px_to_facc2p1_types.h">
      <Filter>Header Files</Filter>
    </ClInclude>
    <ClInclude Include="..\include\edcs_facc_mapping_types.h">
      <Filter>Header Files</Filter>
    </ClInclude>
  </ItemGroup>
  <ItemGroup>
    <CustomBuild Include="SEedcs4px_to_facc2p1.def">
      <Filter>Source Files</Filter>
    </CustomBuild>
  </ItemGroup>
</Project>