<?xml version="1.0" encoding="utf-8"?>
<Project ToolsVersion="4.0" xmlns="http://schemas.microsoft.com/developer/msbuild/2003">
  <ItemGroup>
    <Filter Include="Source Files">
      <UniqueIdentifier>{d7f9877c-a7e4-4a2f-8a33-8ef0c2ca2cc2}</UniqueIdentifier>
      <Extensions>cpp;c;cxx;rc;def;r;odl;idl;hpj;bat</Extensions>
    </Filter>
    <Filter Include="Header Files">
      <UniqueIdentifier>{2d243692-6c06-4396-9dd4-8a8b5848e659}</UniqueIdentifier>
      <Extensions>h;hpp;hxx;hm;inl</Extensions>
    </Filter>
  </ItemGroup>
  <ItemGroup>
    <ClCompile Include="ErrorHandling.cpp">
      <Filter>Source Files</Filter>
    </ClCompile>
    <ClCompile Include="HashTable.cpp">
      <Filter>Source Files</Filter>
    </ClCompile>
    <ClCompile Include="raif_srm_utils.cpp">
      <Filter>Source Files</Filter>
    </ClCompile>
    <ClCompile Include="RAIFManager.cpp">
      <Filter>Source Files</Filter>
    </ClCompile>
    <ClCompile Include="SE_AggregateIterator.cpp">
      <Filter>Source Files</Filter>
    </ClCompile>
    <ClCompile Include="SE_API_Object.cpp">
      <Filter>Source Files</Filter>
    </ClCompile>
    <ClCompile Include="SE_AssociationIterator.cpp">
      <Filter>Source Files</Filter>
    </ClCompile>
    <ClCompile Include="SE_BaseColorData.cpp">
      <Filter>Source Files</Filter>
    </ClCompile>
    <ClCompile Include="SE_BaseLocation.cpp">
      <Filter>Source Files</Filter>
    </ClCompile>
    <ClCompile Include="SE_BaseReferenceVector.cpp">
      <Filter>Source Files</Filter>
    </ClCompile>
    <ClCompile Include="SE_ComponentIterator.cpp">
      <Filter>Source Files</Filter>
    </ClCompile>
    <ClCompile Include="SE_Context.cpp">
      <Filter>Source Files</Filter>
    </ClCompile>
    <ClCompile Include="SE_ControlLink.cpp">
      <Filter>Source Files</Filter>
    </ClCompile>
    <ClCompile Include="SE_Expression.cpp">
      <Filter>Source Files</Filter>
    </ClCompile>
    <ClCompile Include="se_hier_select.cpp">
      <Filter>Source Files</Filter>
    </ClCompile>
    <ClCompile Include="SE_Inheritance.cpp">
      <Filter>Source Files</Filter>
    </ClCompile>
    <ClCompile Include="SE_InheritedComponentIterator.cpp">
      <Filter>Source Files</Filter>
    </ClCompile>
    <ClCompile Include="SE_InternalObject.cpp">
      <Filter>Source Files</Filter>
    </ClCompile>
    <ClCompile Include="SE_InternalObject2.cpp">
      <Filter>Source Files</Filter>
    </ClCompile>
    <ClCompile Include="SE_Iterator.cpp">
      <Filter>Source Files</Filter>
    </ClCompile>
    <ClCompile Include="SE_Matrix.cpp">
      <Filter>Source Files</Filter>
    </ClCompile>
    <ClCompile Include="se_read0.cpp">
      <Filter>Source Files</Filter>
    </ClCompile>
    <ClCompile Include="se_search_box_support.cpp">
      <Filter>Source Files</Filter>
    </ClCompile>
    <ClCompile Include="se_search_coord.cpp">
      <Filter>Source Files</Filter>
    </ClCompile>
    <ClCompile Include="se_search_point_support.cpp">
      <Filter>Source Files</Filter>
    </ClCompile>
    <ClCompile Include="se_search_support.cpp">
      <Filter>Source Files</Filter>
    </ClCompile>
    <ClCompile Include="se_search_util.cpp">
      <Filter>Source Files</Filter>
    </ClCompile>
    <ClCompile Include="SE_SearchBoundary.cpp">
      <Filter>Source Files</Filter>
    </ClCompile>
    <ClCompile Include="SE_SearchFilter.cpp">
      <Filter>Source Files</Filter>
    </ClCompile>
    <ClCompile Include="SE_Store.cpp">
      <Filter>Source Files</Filter>
    </ClCompile>
    <ClCompile Include="SE_Time.cpp">
      <Filter>Source Files</Filter>
    </ClCompile>
    <ClCompile Include="SE_Transform.cpp">
      <Filter>Source Files</Filter>
    </ClCompile>
    <ClCompile Include="se_value.cpp">
      <Filter>Source Files</Filter>
    </ClCompile>
    <ClCompile Include="se_write0.cpp">
      <Filter>Source Files</Filter>
    </ClCompile>
    <ClCompile Include="support_gnu.cpp">
      <Filter>Source Files</Filter>
    </ClCompile>
  </ItemGroup>
  <ItemGroup>
    <ClInclude Include="DataTypes.h">
      <Filter>Header Files</Filter>
    </ClInclude>
    <ClInclude Include="ErrorHandling.hpp">
      <Filter>Header Files</Filter>
    </ClInclude>
    <ClInclude Include="Factory.hpp">
      <Filter>Header Files</Filter>
    </ClInclude>
    <ClInclude Include="HashTable.hpp">
      <Filter>Header Files</Filter>
    </ClInclude>
    <ClInclude Include="ObjectReference.hpp">
      <Filter>Header Files</Filter>
    </ClInclude>
    <ClInclude Include="ObjectReferenceInformation.hpp">
      <Filter>Header Files</Filter>
    </ClInclude>
    <ClInclude Include="raif_srm_utils.h">
      <Filter>Header Files</Filter>
    </ClInclude>
    <ClInclude Include="RAIFAPIImplementation.hpp">
      <Filter>Header Files</Filter>
    </ClInclude>
    <ClInclude Include="RAIFManager.hpp">
      <Filter>Header Files</Filter>
    </ClInclude>
    <ClInclude Include="RAIFTypes.hpp">
      <Filter>Header Files</Filter>
    </ClInclude>
    <ClInclude Include="SE_AggregateIterator.hpp">
      <Filter>Header Files</Filter>
    </ClInclude>
    <ClInclude Include="SE_API_Object.hpp">
      <Filter>Header Files</Filter>
    </ClInclude>
    <ClInclude Include="SE_AssociationIterator.hpp">
      <Filter>Header Files</Filter>
    </ClInclude>
    <ClInclude Include="SE_BaseColorData.hpp">
      <Filter>Header Files</Filter>
    </ClInclude>
    <ClInclude Include="SE_BaseLocation.hpp">
      <Filter>Header Files</Filter>
    </ClInclude>
    <ClInclude Include="SE_BaseReferenceVector.hpp">
      <Filter>Header Files</Filter>
    </ClInclude>
    <ClInclude Include="SE_ComponentIterator.hpp">
      <Filter>Header Files</Filter>
    </ClInclude>
    <ClInclude Include="SE_Context.hpp">
      <Filter>Header Files</Filter>
    </ClInclude>
    <ClInclude Include="SE_ControlLink.hpp">
      <Filter>Header Files</Filter>
    </ClInclude>
    <ClInclude Include="SE_Expression.hpp">
      <Filter>Header Files</Filter>
    </ClInclude>
    <ClInclude Include="se_hier_select.hpp">
      <Filter>Header Files</Filter>
    </ClInclude>
    <ClInclude Include="SE_Inheritance.hpp">
      <Filter>Header Files</Filter>
    </ClInclude>
    <ClInclude Include="SE_InheritedComponentIterator.hpp">
      <Filter>Header Files</Filter>
    </ClInclude>
    <ClInclude Include="SE_InternalObject.hpp">
      <Filter>Header Files</Filter>
    </ClInclude>
    <ClInclude Include="SE_Iterator.hpp">
      <Filter>Header Files</Filter>
    </ClInclude>
    <ClInclude Include="se_lists.hpp">
      <Filter>Header Files</Filter>
    </ClInclude>
    <ClInclude Include="SE_Matrix.hpp">
      <Filter>Header Files</Filter>
    </ClInclude>
    <ClInclude Include="se_search_box_support.hpp">
      <Filter>Header Files</Filter>
    </ClInclude>
    <ClInclude Include="se_search_coord.hpp">
      <Filter>Header Files</Filter>
    </ClInclude>
    <ClInclude Include="se_search_point_support.hpp">
      <Filter>Header Files</Filter>
    </ClInclude>
    <ClInclude Include="se_search_support.hpp">
      <Filter>Header Files</Filter>
    </ClInclude>
    <ClInclude Include="se_search_util.hpp">
      <Filter>Header Files</Filter>
    </ClInclude>
    <ClInclude Include="SE_SearchBoundary.hpp">
      <Filter>Header Files</Filter>
    </ClInclude>
    <ClInclude Include="SE_SearchFilter.hpp">
      <Filter>Header Files</Filter>
    </ClInclude>
    <ClInclude Include="se_STL_includes.h">
      <Filter>Header Files</Filter>
    </ClInclude>
    <ClInclude Include="SE_Store.hpp">
      <Filter>Header Files</Filter>
    </ClInclude>
    <ClInclude Include="SE_Time.hpp">
      <Filter>Header Files</Filter>
    </ClInclude>
    <ClInclude Include="SE_Transform.hpp">
      <Filter>Header Files</Filter>
    </ClInclude>
    <ClInclude Include="se_value.hpp">
      <Filter>Header Files</Filter>
    </ClInclude>
  </ItemGroup>
  <ItemGroup>
    <None Include="se_lists.inl">
      <Filter>Header Files</Filter>
    </None>
  </ItemGroup>
</Project>