<?xml version="1.0" encoding="utf-8"?>
<Project ToolsVersion="4.0" xmlns="http://schemas.microsoft.com/developer/msbuild/2003">
  <ItemGroup>
    <Filter Include="Source Files">
      <UniqueIdentifier>{7f4fd944-73cc-4e25-96a6-3d59599cc3c7}</UniqueIdentifier>
      <Extensions>cpp;c;cxx;rc;def;r;odl;idl;hpj;bat</Extensions>
    </Filter>
    <Filter Include="Header Files">
      <UniqueIdentifier>{a41b1394-1fe8-402b-8428-5c06a8403265}</UniqueIdentifier>
      <Extensions>h;hpp;hxx;hm;inl</Extensions>
    </Filter>
    <Filter Include="Resource Files">
      <UniqueIdentifier>{a39dea47-ba9d-48ef-9739-abebd7a864a3}</UniqueIdentifier>
      <Extensions>ico;cur;bmp;dlg;rc2;rct;bin;rgs;gif;jpg;jpeg;jpe</Extensions>
    </Filter>
  </ItemGroup>
  <ItemGroup>
    <ClCompile Include="sedris_viewer_display.cpp">
      <Filter>Source Files</Filter>
    </ClCompile>
    <ClCompile Include="sedris_viewer_graphics_init.cpp">
      <Filter>Source Files</Filter>
    </ClCompile>
    <ClCompile Include="sedris_viewer_load.cpp">
      <Filter>Source Files</Filter>
    </ClCompile>
    <ClCompile Include="sedris_viewer_main.cpp">
      <Filter>Source Files</Filter>
    </ClCompile>
  </ItemGroup>
  <ItemGroup>
    <ClInclude Include="sedris_viewer_cpp.h">
      <Filter>Header Files</Filter>
    </ClInclude>
  </ItemGroup>
</Project>