<?xml version="1.0" encoding="utf-8"?>
<Project ToolsVersion="4.0" xmlns="http://schemas.microsoft.com/developer/msbuild/2003">
  <ItemGroup>
    <Filter Include="Source Files">
      <UniqueIdentifier>{93a28314-fbe8-46a2-8758-2446b71e4980}</UniqueIdentifier>
      <Extensions>cpp;c;cxx;rc;def;r;odl;idl;hpj;bat</Extensions>
    </Filter>
    <Filter Include="Header Files">
      <UniqueIdentifier>{23a8c658-f1bd-492e-8a4a-3cf02e4558d7}</UniqueIdentifier>
      <Extensions>h;hpp;hxx;hm;inl</Extensions>
    </Filter>
    <Filter Include="Resource Files">
      <UniqueIdentifier>{863cdcb3-60ab-4427-8cd8-3b7eda78dfec}</UniqueIdentifier>
      <Extensions>ico;cur;bmp;dlg;rc2;rct;bin;rgs;gif;jpg;jpeg;jpe</Extensions>
    </Filter>
  </ItemGroup>
  <ItemGroup>
    <ClCompile Include="edcs.c">
      <Filter>Source Files</Filter>
    </ClCompile>
    <ClCompile Include="edcs_attr_dict.c">
      <Filter>Source Files</Filter>
    </ClCompile>
    <ClCompile Include="edcs_class_dict.c">
      <Filter>Source Files</Filter>
    </ClCompile>
    <ClCompile Include="edcs_conversions.c">
      <Filter>Source Files</Filter>
    </ClCompile>
    <ClCompile Include="edcs_default.c">
      <Filter>Source Files</Filter>
    </ClCompile>
    <ClCompile Include="edcs_enum_dict.c">
      <Filter>Source Files</Filter>
    </ClCompile>
    <ClCompile Include="edcs_enum_labels.c">
      <Filter>Source Files</Filter>
    </ClCompile>
    <ClCompile Include="edcs_internal.c">
      <Filter>Source Files</Filter>
    </ClCompile>
    <ClCompile Include="edcs_org_schema_dict.c">
      <Filter>Source Files</Filter>
    </ClCompile>
    <ClCompile Include="edcs_print.c">
      <Filter>Source Files</Filter>
    </ClCompile>
    <ClCompile Include="edcs_print_gen.c">
      <Filter>Source Files</Filter>
    </ClCompile>
    <ClCompile Include="edcs_scale_dict.c">
      <Filter>Source Files</Filter>
    </ClCompile>
    <ClCompile Include="edcs_unit_dict.c">
      <Filter>Source Files</Filter>
    </ClCompile>
    <ClCompile Include="edcs_unit_equivalence_dict.c">
      <Filter>Source Files</Filter>
    </ClCompile>
    <ClCompile Include="edcs_util.c">
      <Filter>Source Files</Filter>
    </ClCompile>
    <ClCompile Include="edcs_util_gen.c">
      <Filter>Source Files</Filter>
    </ClCompile>
    <ClCompile Include="edcs_valid.c">
      <Filter>Source Files</Filter>
    </ClCompile>
    <ClCompile Include="edcs_valid_gen.c">
      <Filter>Source Files</Filter>
    </ClCompile>
    <ClCompile Include="edcs_value_characteristic_dict.c">
      <Filter>Source Files</Filter>
    </ClCompile>
  </ItemGroup>
  <ItemGroup>
    <None Include="edcs.def">
      <Filter>Header Files</Filter>
    </None>
  </ItemGroup>
  <ItemGroup>
    <ClInclude Include="..\include\edcs.h">
      <Filter>Header Files</Filter>
    </ClInclude>
    <ClInclude Include="..\include\edcs_attr_dict.h">
      <Filter>Header Files</Filter>
    </ClInclude>
    <ClInclude Include="..\include\edcs_class_dict.h">
      <Filter>Header Files</Filter>
    </ClInclude>
    <ClInclude Include="..\include\edcs_conversions.h">
      <Filter>Header Files</Filter>
    </ClInclude>
    <ClInclude Include="..\include\edcs_default.h">
      <Filter>Header Files</Filter>
    </ClInclude>
    <ClInclude Include="..\include\edcs_enum_dict.h">
      <Filter>Header Files</Filter>
    </ClInclude>
    <ClInclude Include="..\include\edcs_group_dict.h">
      <Filter>Header Files</Filter>
    </ClInclude>
    <ClInclude Include="..\include\edcs_internal.h">
      <Filter>Header Files</Filter>
    </ClInclude>
    <ClInclude Include="..\include\edcs_org_schema_dict.h">
      <Filter>Header Files</Filter>
    </ClInclude>
    <ClInclude Include="..\include\edcs_print.h">
      <Filter>Header Files</Filter>
    </ClInclude>
    <ClInclude Include="..\include\edcs_scale_dict.h">
      <Filter>Header Files</Filter>
    </ClInclude>
    <ClInclude Include="..\include\edcs_types.h">
      <Filter>Header Files</Filter>
    </ClInclude>
    <ClInclude Include="..\include\edcs_unit_dict.h">
      <Filter>Header Files</Filter>
    </ClInclude>
    <ClInclude Include="..\include\edcs_unit_equivalence_dict.h">
      <Filter>Header Files</Filter>
    </ClInclude>
    <ClInclude Include="..\include\edcs_util.h">
      <Filter>Header Files</Filter>
    </ClInclude>
    <ClInclude Include="..\include\edcs_valid.h">
      <Filter>Header Files</Filter>
    </ClInclude>
    <ClInclude Include="..\include\edcs_value_characteristic_dict.h">
      <Filter>Header Files</Filter>
    </ClInclude>
  </ItemGroup>
</Project>